
Microsoft Visual Studio Solution File, Format Version 12.00
# Visual Studio 15
VisualStudioVersion = 15.0.27428.2011
MinimumVisualStudioVersion = 10.0.40219.1
Project("{FAE04EC0-301F-11D3-BF4B-00C04F79EFBC}") = "Czebyszew", "Czebyszew\Czebyszew.csproj", "{555E0251-A7A2-43D4-9808-BC4E03679C36}"
EndProject
Global
	GlobalSection(SolutionConfigurationPlatforms) = preSolution
		Debug|Any CPU = Debug|Any CPU
		Release|Any CPU = Release|Any CPU
	EndGlobalSection
	GlobalSection(ProjectConfigurationPlatforms) = postSolution
		{555E0251-A7A2-43D4-9808-BC4E03679C36}.Debug|Any CPU.ActiveCfg = Debug|Any CPU
		{555E0251-A7A2-43D4-9808-BC4E03679C36}.Debug|Any CPU.Build.0 = Debug|Any CPU
		{555E0251-A7A2-43D4-9808-BC4E03679C36}.Release|Any CPU.ActiveCfg = Release|Any CPU
		{555E0251-A7A2-43D4-9808-BC4E03679C36}.Release|Any CPU.Build.0 = Release|Any CPU
	EndGlobalSection
	GlobalSection(SolutionProperties) = preSolution
		HideSolutionNode = FALSE
	EndGlobalSection
	GlobalSection(ExtensibilityGlobals) = postSolution
		SolutionGuid = {448B95BC-CE70-4F24-ADDC-4B50F8D778EF}
	EndGlobalSection
EndGlobal
